
Microsoft Visual Studio Solution File, Format Version 12.00
# Visual Studio Version 17
VisualStudioVersion = 17.11.35312.102
MinimumVisualStudioVersion = 10.0.40219.1
Project("{FAE04EC0-301F-11D3-BF4B-00C04F79EFBC}") = "Ninecraft Apk Luancher", "Ninecraft Apk Luancher\Ninecraft Apk Luancher.csproj", "{76FE518B-2B78-4693-B00B-965E8BA5905C}"
EndProject
Global
	GlobalSection(SolutionConfigurationPlatforms) = preSolution
		Debug|Any CPU = Debug|Any CPU
		Release|Any CPU = Release|Any CPU
	EndGlobalSection
	GlobalSection(ProjectConfigurationPlatforms) = postSolution
		{76FE518B-2B78-4693-B00B-965E8BA5905C}.Debug|Any CPU.ActiveCfg = Debug|Any CPU
		{76FE518B-2B78-4693-B00B-965E8BA5905C}.Debug|Any CPU.Build.0 = Debug|Any CPU
		{76FE518B-2B78-4693-B00B-965E8BA5905C}.Release|Any CPU.ActiveCfg = Release|Any CPU
		{76FE518B-2B78-4693-B00B-965E8BA5905C}.Release|Any CPU.Build.0 = Release|Any CPU
	EndGlobalSection
	GlobalSection(SolutionProperties) = preSolution
		HideSolutionNode = FALSE
	EndGlobalSection
	GlobalSection(ExtensibilityGlobals) = postSolution
		SolutionGuid = {C79C18A7-1FE6-4FB4-B996-D0D6799569F7}
	EndGlobalSection
EndGlobal
